// !$*UTF8*$!
{
	archiveVersion = 1;
	classes = {
	};
	objectVersion = 50;
	objects = {

/* Begin PBXBuildFile section */
		7B6FDB92229FDE3D00034B32 /* AppDelegate.swift in Sources */ = {isa = PBXBuildFile; fileRef = 7B6FDB91229FDE3D00034B32 /* AppDelegate.swift */; };
		7B6FDB94229FDE3D00034B32 /* ViewController.swift in Sources */ = {isa = PBXBuildFile; fileRef = 7B6FDB93229FDE3D00034B32 /* ViewController.swift */; };
		7B6FDB97229FDE3D00034B32 /* Main.storyboard in Resources */ = {isa = PBXBuildFile; fileRef = 7B6FDB95229FDE3D00034B32 /* Main.storyboard */; };
		7B6FDB99229FDE4E00034B32 /* Assets.xcassets in Resources */ = {isa = PBXBuildFile; fileRef = 7B6FDB98229FDE4E00034B32 /* Assets.xcassets */; };
		7B6FDB9C229FDE4E00034B32 /* LaunchScreen.storyboard in Resources */ = {isa = PBXBuildFile; fileRef = 7B6FDB9A229FDE4E00034B32 /* LaunchScreen.storyboard */; };
		7B6FDBA7229FDE4F00034B32 /* SwiftDemoTests.swift in Sources */ = {isa = PBXBuildFile; fileRef = 7B6FDBA6229FDE4F00034B32 /* SwiftDemoTests.swift */; };
		7B6FDBB2229FDE4F00034B32 /* SwiftDemoUITests.swift in Sources */ = {isa = PBXBuildFile; fileRef = 7B6FDBB1229FDE4F00034B32 /* SwiftDemoUITests.swift */; };
/* End PBXBuildFile section */

/* Begin PBXContainerItemProxy section */
		7B6FDBA3229FDE4F00034B32 /* PBXContainerItemProxy */ = {
			isa = PBXContainerItemProxy;
			containerPortal = 7B6FDB86229FDE3D00034B32 /* Project object */;
			proxyType = 1;
			remoteGlobalIDString = 7B6FDB8D229FDE3D00034B32;
			remoteInfo = SwiftDemo;
		};
		7B6FDBAE229FDE4F00034B32 /* PBXContainerItemProxy */ = {
			isa = PBXContainerItemProxy;
			containerPortal = 7B6FDB86229FDE3D00034B32 /* Project object */;
			proxyType = 1;
			remoteGlobalIDString = 7B6FDB8D229FDE3D00034B32;
			remoteInfo = SwiftDemo;
		};
/* End PBXContainerItemProxy section */

/* Begin PBXFileReference section */
		7B6FDB8E229FDE3D00034B32 /* SwiftDemo.app */ = {isa = PBXFileReference; explicitFileType = wrapper.application; includeInIndex = 0; path = SwiftDemo.app; sourceTree = BUILT_PRODUCTS_DIR; };
		7B6FDB91229FDE3D00034B32 /* AppDelegate.swift */ = {isa = PBXFileReference; lastKnownFileType = sourcecode.swift; path = AppDelegate.swift; sourceTree = "<group>"; };
		7B6FDB93229FDE3D00034B32 /* ViewController.swift */ = {isa = PBXFileReference; lastKnownFileType = sourcecode.swift; path = ViewController.swift; sourceTree = "<group>"; };
		7B6FDB96229FDE3D00034B32 /* Base */ = {isa = PBXFileReference; lastKnownFileType = file.storyboard; name = Base; path = Base.lproj/Main.storyboard; sourceTree = "<group>"; };
		7B6FDB98229FDE4E00034B32 /* Assets.xcassets */ = {isa = PBXFileReference; lastKnownFileType = folder.assetcatalog; path = Assets.xcassets; sourceTree = "<group>"; };
		7B6FDB9B229FDE4E00034B32 /* Base */ = {isa = PBXFileReference; lastKnownFileType = file.storyboard; name = Base; path = Base.lproj/LaunchScreen.storyboard; sourceTree = "<group>"; };
		7B6FDB9D229FDE4E00034B32 /* Info.plist */ = {isa = PBXFileReference; lastKnownFileType = text.plist.xml; path = Info.plist; sourceTree = "<group>"; };
		7B6FDBA2229FDE4F00034B32 /* SwiftDemoTests.xctest */ = {isa = PBXFileReference; explicitFileType = wrapper.cfbundle; includeInIndex = 0; path = SwiftDemoTests.xctest; sourceTree = BUILT_PRODUCTS_DIR; };
		7B6FDBA6229FDE4F00034B32 /* SwiftDemoTests.swift */ = {isa = PBXFileReference; lastKnownFileType = sourcecode.swift; path = SwiftDemoTests.swift; sourceTree = "<group>"; };
		7B6FDBA8229FDE4F00034B32 /* Info.plist */ = {isa = PBXFileReference; lastKnownFileType = text.plist.xml; path = Info.plist; sourceTree = "<group>"; };
		7B6FDBAD229FDE4F00034B32 /* SwiftDemoUITests.xctest */ = {isa = PBXFileReference; explicitFileType = wrapper.cfbundle; includeInIndex = 0; path = SwiftDemoUITests.xctest; sourceTree = BUILT_PRODUCTS_DIR; };
		7B6FDBB1229FDE4F00034B32 /* SwiftDemoUITests.swift */ = {isa = PBXFileReference; lastKnownFileType = sourcecode.swift; path = SwiftDemoUITests.swift; sourceTree = "<group>"; };
		7B6FDBB3229FDE4F00034B32 /* Info.plist */ = {isa = PBXFileReference; lastKnownFileType = text.plist.xml; path = Info.plist; sourceTree = "<group>"; };
/* End PBXFileReference section */

/* Begin PBXFrameworksBuildPhase section */
		7B6FDB8B229FDE3D00034B32 /* Frameworks */ = {
			isa = PBXFrameworksBuildPhase;
			buildActionMask = 2147483647;
			files = (
			);
			runOnlyForDeploymentPostprocessing = 0;
		};
		7B6FDB9F229FDE4F00034B32 /* Frameworks */ = {
			isa = PBXFrameworksBuildPhase;
			buildActionMask = 2147483647;
			files = (
			);
			runOnlyForDeploymentPostprocessing = 0;
		};
		7B6FDBAA229FDE4F00034B32 /* Frameworks */ = {
			isa = PBXFrameworksBuildPhase;
			buildActionMask = 2147483647;
			files = (
			);
			runOnlyForDeploymentPostprocessing = 0;
		};
/* End PBXFrameworksBuildPhase section */

/* Begin PBXGroup section */
		7B6FDB85229FDE3D00034B32 = {
			isa = PBXGroup;
			children = (
				7B6FDB90229FDE3D00034B32 /* SwiftDemo */,
				7B6FDBA5229FDE4F00034B32 /* SwiftDemoTests */,
				7B6FDBB0229FDE4F00034B32 /* SwiftDemoUITests */,
				7B6FDB8F229FDE3D00034B32 /* Products */,
			);
			sourceTree = "<group>";
		};
		7B6FDB8F229FDE3D00034B32 /* Products */ = {
			isa = PBXGroup;
			children = (
				7B6FDB8E229FDE3D00034B32 /* SwiftDemo.app */,
				7B6FDBA2229FDE4F00034B32 /* SwiftDemoTests.xctest */,
				7B6FDBAD229FDE4F00034B32 /* SwiftDemoUITests.xctest */,
			);
			name = Products;
			sourceTree = "<group>";
		};
		7B6FDB90229FDE3D00034B32 /* SwiftDemo */ = {
			isa = PBXGroup;
			children = (
				7B6FDB91229FDE3D00034B32 /* AppDelegate.swift */,
				7B6FDB93229FDE3D00034B32 /* ViewController.swift */,
				7B6FDB95229FDE3D00034B32 /* Main.storyboard */,
				7B6FDB98229FDE4E00034B32 /* Assets.xcassets */,
				7B6FDB9A229FDE4E00034B32 /* LaunchScreen.storyboard */,
				7B6FDB9D229FDE4E00034B32 /* Info.plist */,
			);
			path = SwiftDemo;
			sourceTree = "<group>";
		};
		7B6FDBA5229FDE4F00034B32 /* SwiftDemoTests */ = {
			isa = PBXGroup;
			children = (
				7B6FDBA6229FDE4F00034B32 /* SwiftDemoTests.swift */,
				7B6FDBA8229FDE4F00034B32 /* Info.plist */,
			);
			path = SwiftDemoTests;
			sourceTree = "<group>";
		};
		7B6FDBB0229FDE4F00034B32 /* SwiftDemoUITests */ = {
			isa = PBXGroup;
			children = (
				7B6FDBB1229FDE4F00034B32 /* SwiftDemoUITests.swift */,
				7B6FDBB3229FDE4F00034B32 /* Info.plist */,
			);
			path = SwiftDemoUITests;
			sourceTree = "<group>";
		};
/* End PBXGroup section */

/* Begin PBXNativeTarget section */
		7B6FDB8D229FDE3D00034B32 /* SwiftDemo */ = {
			isa = PBXNativeTarget;
			buildConfigurationList = 7B6FDBB6229FDE4F00034B32 /* Build configuration list for PBXNativeTarget "SwiftDemo" */;
			buildPhases = (
				7B6FDB8A229FDE3D00034B32 /* Sources */,
				7B6FDB8B229FDE3D00034B32 /* Frameworks */,
				7B6FDB8C229FDE3D00034B32 /* Resources */,
			);
			buildRules = (
			);
			dependencies = (
			);
			name = SwiftDemo;
			productName = SwiftDemo;
			productReference = 7B6FDB8E229FDE3D00034B32 /* SwiftDemo.app */;
			productType = "com.apple.product-type.application";
		};
		7B6FDBA1229FDE4F00034B32 /* SwiftDemoTests */ = {
			isa = PBXNativeTarget;
			buildConfigurationList = 7B6FDBB9229FDE4F00034B32 /* Build configuration list for PBXNativeTarget "SwiftDemoTests" */;
			buildPhases = (
				7B6FDB9E229FDE4F00034B32 /* Sources */,
				7B6FDB9F229FDE4F00034B32 /* Frameworks */,
				7B6FDBA0229FDE4F00034B32 /* Resources */,
			);
			buildRules = (
			);
			dependencies = (
				7B6FDBA4229FDE4F00034B32 /* PBXTargetDependency */,
			);
			name = SwiftDemoTests;
			productName = SwiftDemoTests;
			productReference = 7B6FDBA2229FDE4F00034B32 /* SwiftDemoTests.xctest */;
			productType = "com.apple.product-type.bundle.unit-test";
		};
		7B6FDBAC229FDE4F00034B32 /* SwiftDemoUITests */ = {
			isa = PBXNativeTarget;
			buildConfigurationList = 7B6FDBBC229FDE4F00034B32 /* Build configuration list for PBXNativeTarget "SwiftDemoUITests" */;
			buildPhases = (
				7B6FDBA9229FDE4F00034B32 /* Sources */,
				7B6FDBAA229FDE4F00034B32 /* Frameworks */,
				7B6FDBAB229FDE4F00034B32 /* Resources */,
			);
			buildRules = (
			);
			dependencies = (
				7B6FDBAF229FDE4F00034B32 /* PBXTargetDependency */,
			);
			name = SwiftDemoUITests;
			productName = SwiftDemoUITests;
			productReference = 7B6FDBAD229FDE4F00034B32 /* SwiftDemoUITests.xctest */;
			productType = "com.apple.product-type.bundle.ui-testing";
		};
/* End PBXNativeTarget section */

/* Begin PBXProject section */
		7B6FDB86229FDE3D00034B32 /* Project object */ = {
			isa = PBXProject;
			attributes = {
				LastSwiftUpdateCheck = 1010;
				LastUpgradeCheck = 1010;
				ORGANIZATIONNAME = Panacea018;
				TargetAttributes = {
					7B6FDB8D229FDE3D00034B32 = {
						CreatedOnToolsVersion = 10.1;
					};
					7B6FDBA1229FDE4F00034B32 = {
						CreatedOnToolsVersion = 10.1;
						TestTargetID = 7B6FDB8D229FDE3D00034B32;
					};
					7B6FDBAC229FDE4F00034B32 = {
						CreatedOnToolsVersion = 10.1;
						TestTargetID = 7B6FDB8D229FDE3D00034B32;
					};
				};
			};
			buildConfigurationList = 7B6FDB89229FDE3D00034B32 /* Build configuration list for PBXProject "SwiftDemo" */;
			compatibilityVersion = "Xcode 9.3";
			developmentRegion = en;
			hasScannedForEncodings = 0;
			knownRegions = (
				en,
				Base,
			);
			mainGroup = 7B6FDB85229FDE3D00034B32;
			productRefGroup = 7B6FDB8F229FDE3D00034B32 /* Products */;
			projectDirPath = "";
			projectRoot = "";
			targets = (
				7B6FDB8D229FDE3D00034B32 /* SwiftDemo */,
				7B6FDBA1229FDE4F00034B32 /* SwiftDemoTests */,
				7B6FDBAC229FDE4F00034B32 /* SwiftDemoUITests */,
			);
		};
/* End PBXProject section */

/* Begin PBXResourcesBuildPhase section */
		7B6FDB8C229FDE3D00034B32 /* Resources */ = {
			isa = PBXResourcesBuildPhase;
			buildActionMask = 2147483647;
			files = (
				7B6FDB9C229FDE4E00034B32 /* LaunchScreen.storyboard in Resources */,
				7B6FDB99229FDE4E00034B32 /* Assets.xcassets in Resources */,
				7B6FDB97229FDE3D00034B32 /* Main.storyboard in Resources */,
			);
			runOnlyForDeploymentPostprocessing = 0;
		};
		7B6FDBA0229FDE4F00034B32 /* Resources */ = {
			isa = PBXResourcesBuildPhase;
			buildActionMask = 2147483647;
			files = (
			);
			runOnlyForDeploymentPostprocessing = 0;
		};
		7B6FDBAB229FDE4F00034B32 /* Resources */ = {
			isa = PBXResourcesBuildPhase;
			buildActionMask = 2147483647;
			files = (
			);
			runOnlyForDeploymentPostprocessing = 0;
		};
/* End PBXResourcesBuildPhase section */

/* Begin PBXSourcesBuildPhase section */
		7B6FDB8A229FDE3D00034B32 /* Sources */ = {
			isa = PBXSourcesBuildPhase;
			buildActionMask = 2147483647;
			files = (
				7B6FDB94229FDE3D00034B32 /* ViewController.swift in Sources */,
				7B6FDB92229FDE3D00034B32 /* AppDelegate.swift in Sources */,
			);
			runOnlyForDeploymentPostprocessing = 0;
		};
		7B6FDB9E229FDE4F00034B32 /* Sources */ = {
			isa = PBXSourcesBuildPhase;
			buildActionMask = 2147483647;
			files = (
				7B6FDBA7229FDE4F00034B32 /* SwiftDemoTests.swift in Sources */,
			);
			runOnlyForDeploymentPostprocessing = 0;
		};
		7B6FDBA9229FDE4F00034B32 /* Sources */ = {
			isa = PBXSourcesBuildPhase;
			buildActionMask = 2147483647;
			files = (
				7B6FDBB2229FDE4F00034B32 /* SwiftDemoUITests.swift in Sources */,
			);
			runOnlyForDeploymentPostprocessing = 0;
		};
/* End PBXSourcesBuildPhase section */

/* Begin PBXTargetDependency section */
		7B6FDBA4229FDE4F00034B32 /* PBXTargetDependency */ = {
			isa = PBXTargetDependency;
			target = 7B6FDB8D229FDE3D00034B32 /* SwiftDemo */;
			targetProxy = 7B6FDBA3229FDE4F00034B32 /* PBXContainerItemProxy */;
		};
		7B6FDBAF229FDE4F00034B32 /* PBXTargetDependency */ = {
			isa = PBXTargetDependency;
			target = 7B6FDB8D229FDE3D00034B32 /* SwiftDemo */;
			targetProxy = 7B6FDBAE229FDE4F00034B32 /* PBXContainerItemProxy */;
		};
/* End PBXTargetDependency section */

/* Begin PBXVariantGroup section */
		7B6FDB95229FDE3D00034B32 /* Main.storyboard */ = {
			isa = PBXVariantGroup;
			children = (
				7B6FDB96229FDE3D00034B32 /* Base */,
			);
			name = Main.storyboard;
			sourceTree = "<group>";
		};
		7B6FDB9A229FDE4E00034B32 /* LaunchScreen.storyboard */ = {
			isa = PBXVariantGroup;
			children = (
				7B6FDB9B229FDE4E00034B32 /* Base */,
			);
			name = LaunchScreen.storyboard;
			sourceTree = "<group>";
		};
/* End PBXVariantGroup section */

/* Begin XCBuildConfiguration section */
		7B6FDBB4229FDE4F00034B32 /* Debug */ = {
			isa = XCBuildConfiguration;
			buildSettings = {
				ALWAYS_SEARCH_USER_PATHS = NO;
				CLANG_ANALYZER_NONNULL = YES;
				CLANG_ANALYZER_NUMBER_OBJECT_CONVERSION = YES_AGGRESSIVE;
				CLANG_CXX_LANGUAGE_STANDARD = "gnu++14";
				CLANG_CXX_LIBRARY = "libc++";
				CLANG_ENABLE_MODULES = YES;
				CLANG_ENABLE_OBJC_ARC = YES;
				CLANG_ENABLE_OBJC_WEAK = YES;
				CLANG_WARN_BLOCK_CAPTURE_AUTORELEASING = YES;
				CLANG_WARN_BOOL_CONVERSION = YES;
				CLANG_WARN_COMMA = YES;
				CLANG_WARN_CONSTANT_CONVERSION = YES;
				CLANG_WARN_DEPRECATED_OBJC_IMPLEMENTATIONS = YES;
				CLANG_WARN_DIRECT_OBJC_ISA_USAGE = YES_ERROR;
				CLANG_WARN_DOCUMENTATION_COMMENTS = YES;
				CLANG_WARN_EMPTY_BODY = YES;
				CLANG_WARN_ENUM_CONVERSION = YES;
				CLANG_WARN_INFINITE_RECURSION = YES;
				CLANG_WARN_INT_CONVERSION = YES;
				CLANG_WARN_NON_LITERAL_NULL_CONVERSION = YES;
				CLANG_WARN_OBJC_IMPLICIT_RETAIN_SELF = YES;
				CLANG_WARN_OBJC_LITERAL_CONVERSION = YES;
				CLANG_WARN_OBJC_ROOT_CLASS = YES_ERROR;
				CLANG_WARN_RANGE_LOOP_ANALYSIS = YES;
				CLANG_WARN_STRICT_PROTOTYPES = YES;
				CLANG_WARN_SUSPICIOUS_MOVE = YES;
				CLANG_WARN_UNGUARDED_AVAILABILITY = YES_AGGRESSIVE;
				CLANG_WARN_UNREACHABLE_CODE = YES;
				CLANG_WARN__DUPLICATE_METHOD_MATCH = YES;
				CODE_SIGN_IDENTITY = "iPhone Developer";
				COPY_PHASE_STRIP = NO;
				DEBUG_INFORMATION_FORMAT = dwarf;
				ENABLE_STRICT_OBJC_MSGSEND = YES;
				ENABLE_TESTABILITY = YES;
				GCC_C_LANGUAGE_STANDARD = gnu11;
				GCC_DYNAMIC_NO_PIC = NO;
				GCC_NO_COMMON_BLOCKS = YES;
				GCC_OPTIMIZATION_LEVEL = 0;
				GCC_PREPROCESSOR_DEFINITIONS = (
					"DEBUG=1",
					"$(inherited)",
				);
				GCC_WARN_64_TO_32_BIT_CONVERSION = YES;
				GCC_WARN_ABOUT_RETURN_TYPE = YES_ERROR;
				GCC_WARN_UNDECLARED_SELECTOR = YES;
				GCC_WARN_UNINITIALIZED_AUTOS = YES_AGGRESSIVE;
				GCC_WARN_UNUSED_FUNCTION = YES;
				GCC_WARN_UNUSED_VARIABLE = YES;
				IPHONEOS_DEPLOYMENT_TARGET = 12.1;
				MTL_ENABLE_DEBUG_INFO = INCLUDE_SOURCE;
				MTL_FAST_MATH = YES;
				ONLY_ACTIVE_ARCH = YES;
				SDKROOT = iphoneos;
				SWIFT_ACTIVE_COMPILATION_CONDITIONS = DEBUG;
				SWIFT_OPTIMIZATION_LEVEL = "-Onone";
			};
			name = Debug;
		};
		7B6FDBB5229FDE4F00034B32 /* Release */ = {
			isa = XCBuildConfiguration;
			buildSettings = {
				ALWAYS_SEARCH_USER_PATHS = NO;
				CLANG_ANALYZER_NONNULL = YES;
				CLANG_ANALYZER_NUMBER_OBJECT_CONVERSION = YES_AGGRESSIVE;
				CLANG_CXX_LANGUAGE_STANDARD = "gnu++14";
				CLANG_CXX_LIBRARY = "libc++";
				CLANG_ENABLE_MODULES = YES;
				CLANG_ENABLE_OBJC_ARC = YES;
				CLANG_ENABLE_OBJC_WEAK = YES;
				CLANG_WARN_BLOCK_CAPTURE_AUTORELEASING = YES;
				CLANG_WARN_BOOL_CONVERSION = YES;
				CLANG_WARN_COMMA = YES;
				CLANG_WARN_CONSTANT_CONVERSION = YES;
				CLANG_WARN_DEPRECATED_OBJC_IMPLEMENTATIONS = YES;
				CLANG_WARN_DIRECT_OBJC_ISA_USAGE = YES_ERROR;
				CLANG_WARN_DOCUMENTATION_COMMENTS = YES;
				CLANG_WARN_EMPTY_BODY = YES;
				CLANG_WARN_ENUM_CONVERSION = YES;
				CLANG_WARN_INFINITE_RECURSION = YES;
				CLANG_WARN_INT_CONVERSION = YES;
				CLANG_WARN_NON_LITERAL_NULL_CONVERSION = YES;
				CLANG_WARN_OBJC_IMPLICIT_RETAIN_SELF = YES;
				CLANG_WARN_OBJC_LITERAL_CONVERSION = YES;
				CLANG_WARN_OBJC_ROOT_CLASS = YES_ERROR;
				CLANG_WARN_RANGE_LOOP_ANALYSIS = YES;
				CLANG_WARN_STRICT_PROTOTYPES = YES;
				CLANG_WARN_SUSPICIOUS_MOVE = YES;
				CLANG_WARN_UNGUARDED_AVAILABILITY = YES_AGGRESSIVE;
				CLANG_WARN_UNREACHABLE_CODE = YES;
				CLANG_WARN__DUPLICATE_METHOD_MATCH = YES;
				CODE_SIGN_IDENTITY = "iPhone Developer";
				COPY_PHASE_STRIP = NO;
				DEBUG_INFORMATION_FORMAT = "dwarf-with-dsym";
				ENABLE_NS_ASSERTIONS = NO;
				ENABLE_STRICT_OBJC_MSGSEND = YES;
				GCC_C_LANGUAGE_STANDARD = gnu11;
				GCC_NO_COMMON_BLOCKS = YES;
				GCC_WARN_64_TO_32_BIT_CONVERSION = YES;
				GCC_WARN_ABOUT_RETURN_TYPE = YES_ERROR;
				GCC_WARN_UNDECLARED_SELECTOR = YES;
				GCC_WARN_UNINITIALIZED_AUTOS = YES_AGGRESSIVE;
				GCC_WARN_UNUSED_FUNCTION = YES;
				GCC_WARN_UNUSED_VARIABLE = YES;
				IPHONEOS_DEPLOYMENT_TARGET = 12.1;
				MTL_ENABLE_DEBUG_INFO = NO;
				MTL_FAST_MATH = YES;
				SDKROOT = iphoneos;
				SWIFT_COMPILATION_MODE = wholemodule;
				SWIFT_OPTIMIZATION_LEVEL = "-O";
				VALIDATE_PRODUCT = YES;
			};
			name = Release;
		};
		7B6FDBB7229FDE4F00034B32 /* Debug */ = {
			isa = XCBuildConfiguration;
			buildSettings = {
				ASSETCATALOG_COMPILER_APPICON_NAME = AppIcon;
				CODE_SIGN_STYLE = Automatic;
				INFOPLIST_FILE = SwiftDemo/Info.plist;
				LD_RUNPATH_SEARCH_PATHS = (
					"$(inherited)",
					"@executable_path/Frameworks",
				);
				PRODUCT_BUNDLE_IDENTIFIER = swiftdemo.SwiftDemo;
				PRODUCT_NAME = "$(TARGET_NAME)";
				SWIFT_VERSION = 4.2;
				TARGETED_DEVICE_FAMILY = "1,2";
			};
			name = Debug;
		};
		7B6FDBB8229FDE4F00034B32 /* Release */ = {
			isa = XCBuildConfiguration;
			buildSettings = {
				ASSETCATALOG_COMPILER_APPICON_NAME = AppIcon;
				CODE_SIGN_STYLE = Automatic;
				INFOPLIST_FILE = SwiftDemo/Info.plist;
				LD_RUNPATH_SEARCH_PATHS = (
					"$(inherited)",
					"@executable_path/Frameworks",
				);
				PRODUCT_BUNDLE_IDENTIFIER = swiftdemo.SwiftDemo;
				PRODUCT_NAME = "$(TARGET_NAME)";
				SWIFT_VERSION = 4.2;
				TARGETED_DEVICE_FAMILY = "1,2";
			};
			name = Release;
		};
		7B6FDBBA229FDE4F00034B32 /* Debug */ = {
			isa = XCBuildConfiguration;
			buildSettings = {
				ALWAYS_EMBED_SWIFT_STANDARD_LIBRARIES = YES;
				BUNDLE_LOADER = "$(TEST_HOST)";
				CODE_SIGN_STYLE = Automatic;
				INFOPLIST_FILE = SwiftDemoTests/Info.plist;
				LD_RUNPATH_SEARCH_PATHS = (
					"$(inherited)",
					"@executable_path/Frameworks",
					"@loader_path/Frameworks",
				);
				PRODUCT_BUNDLE_IDENTIFIER = swiftdemo.SwiftDemoTests;
				PRODUCT_NAME = "$(TARGET_NAME)";
				SWIFT_VERSION = 4.2;
				TARGETED_DEVICE_FAMILY = "1,2";
				TEST_HOST = "$(BUILT_PRODUCTS_DIR)/SwiftDemo.app/SwiftDemo";
			};
			name = Debug;
		};
		7B6FDBBB229FDE4F00034B32 /* Release */ = {
			isa = XCBuildConfiguration;
			buildSettings = {
				ALWAYS_EMBED_SWIFT_STANDARD_LIBRARIES = YES;
				BUNDLE_LOADER = "$(TEST_HOST)";
				CODE_SIGN_STYLE = Automatic;
				INFOPLIST_FILE = SwiftDemoTests/Info.plist;
				LD_RUNPATH_SEARCH_PATHS = (
					"$(inherited)",
					"@executable_path/Frameworks",
					"@loader_path/Frameworks",
				);
				PRODUCT_BUNDLE_IDENTIFIER = swiftdemo.SwiftDemoTests;
				PRODUCT_NAME = "$(TARGET_NAME)";
				SWIFT_VERSION = 4.2;
				TARGETED_DEVICE_FAMILY = "1,2";
				TEST_HOST = "$(BUILT_PRODUCTS_DIR)/SwiftDemo.app/SwiftDemo";
			};
			name = Release;
		};
		7B6FDBBD229FDE4F00034B32 /* Debug */ = {
			isa = XCBuildConfiguration;
			buildSettings = {
				ALWAYS_EMBED_SWIFT_STANDARD_LIBRARIES = YES;
				CODE_SIGN_STYLE = Automatic;
				INFOPLIST_FILE = SwiftDemoUITests/Info.plist;
				LD_RUNPATH_SEARCH_PATHS = (
					"$(inherited)",
					"@executable_path/Frameworks",
					"@loader_path/Frameworks",
				);
				PRODUCT_BUNDLE_IDENTIFIER = swiftdemo.SwiftDemoUITests;
				PRODUCT_NAME = "$(TARGET_NAME)";
				SWIFT_VERSION = 4.2;
				TARGETED_DEVICE_FAMILY = "1,2";
				TEST_TARGET_NAME = SwiftDemo;
			};
			name = Debug;
		};
		7B6FDBBE229FDE4F00034B32 /* Release */ = {
			isa = XCBuildConfiguration;
			buildSettings = {
				ALWAYS_EMBED_SWIFT_STANDARD_LIBRARIES = YES;
				CODE_SIGN_STYLE = Automatic;
				INFOPLIST_FILE = SwiftDemoUITests/Info.plist;
				LD_RUNPATH_SEARCH_PATHS = (
					"$(inherited)",
					"@executable_path/Frameworks",
					"@loader_path/Frameworks",
				);
				PRODUCT_BUNDLE_IDENTIFIER = swiftdemo.SwiftDemoUITests;
				PRODUCT_NAME = "$(TARGET_NAME)";
				SWIFT_VERSION = 4.2;
				TARGETED_DEVICE_FAMILY = "1,2";
				TEST_TARGET_NAME = SwiftDemo;
			};
			name = Release;
		};
/* End XCBuildConfiguration section */

/* Begin XCConfigurationList section */
		7B6FDB89229FDE3D00034B32 /* Build configuration list for PBXProject "SwiftDemo" */ = {
			isa = XCConfigurationList;
			buildConfigurations = (
				7B6FDBB4229FDE4F00034B32 /* Debug */,
				7B6FDBB5229FDE4F00034B32 /* Release */,
			);
			defaultConfigurationIsVisible = 0;
			defaultConfigurationName = Release;
		};
		7B6FDBB6229FDE4F00034B32 /* Build configuration list for PBXNativeTarget "SwiftDemo" */ = {
			isa = XCConfigurationList;
			buildConfigurations = (
				7B6FDBB7229FDE4F00034B32 /* Debug */,
				7B6FDBB8229FDE4F00034B32 /* Release */,
			);
			defaultConfigurationIsVisible = 0;
			defaultConfigurationName = Release;
		};
		7B6FDBB9229FDE4F00034B32 /* Build configuration list for PBXNativeTarget "SwiftDemoTests" */ = {
			isa = XCConfigurationList;
			buildConfigurations = (
				7B6FDBBA229FDE4F00034B32 /* Debug */,
				7B6FDBBB229FDE4F00034B32 /* Release */,
			);
			defaultConfigurationIsVisible = 0;
			defaultConfigurationName = Release;
		};
		7B6FDBBC229FDE4F00034B32 /* Build configuration list for PBXNativeTarget "SwiftDemoUITests" */ = {
			isa = XCConfigurationList;
			buildConfigurations = (
				7B6FDBBD229FDE4F00034B32 /* Debug */,
				7B6FDBBE229FDE4F00034B32 /* Release */,
			);
			defaultConfigurationIsVisible = 0;
			defaultConfigurationName = Release;
		};
/* End XCConfigurationList section */
	};
	rootObject = 7B6FDB86229FDE3D00034B32 /* Project object */;
}
